// !$*UTF8*$!
{
	archiveVersion = 1;
	classes = {
	};
	objectVersion = 50;
	objects = {

/* Begin PBXBuildFile section */
		FB8FBF5B24977A6500E6F381 /* AppDelegate.swift in Sources */ = {isa = PBXBuildFile; fileRef = FB8FBF5A24977A6500E6F381 /* AppDelegate.swift */; };
		FB8FBF5D24977A6500E6F381 /* SceneDelegate.swift in Sources */ = {isa = PBXBuildFile; fileRef = FB8FBF5C24977A6500E6F381 /* SceneDelegate.swift */; };
		FB8FBF5F24977A6500E6F381 /* ViewController.swift in Sources */ = {isa = PBXBuildFile; fileRef = FB8FBF5E24977A6500E6F381 /* ViewController.swift */; };
		FB8FBF6224977A6500E6F381 /* Main.storyboard in Resources */ = {isa = PBXBuildFile; fileRef = FB8FBF6024977A6500E6F381 /* Main.storyboard */; };
		FB8FBF6424977A6700E6F381 /* Assets.xcassets in Resources */ = {isa = PBXBuildFile; fileRef = FB8FBF6324977A6700E6F381 /* Assets.xcassets */; };
		FB8FBF6724977A6700E6F381 /* LaunchScreen.storyboard in Resources */ = {isa = PBXBuildFile; fileRef = FB8FBF6524977A6700E6F381 /* LaunchScreen.storyboard */; };
/* End PBXBuildFile section */

/* Begin PBXFileReference section */
		FB8FBF5724977A6500E6F381 /* PageDesignTest.app */ = {isa = PBXFileReference; explicitFileType = wrapper.application; includeInIndex = 0; path = PageDesignTest.app; sourceTree = BUILT_PRODUCTS_DIR; };
		FB8FBF5A24977A6500E6F381 /* AppDelegate.swift */ = {isa = PBXFileReference; lastKnownFileType = sourcecode.swift; path = AppDelegate.swift; sourceTree = "<group>"; };
		FB8FBF5C24977A6500E6F381 /* SceneDelegate.swift */ = {isa = PBXFileReference; lastKnownFileType = sourcecode.swift; path = SceneDelegate.swift; sourceTree = "<group>"; };
		FB8FBF5E24977A6500E6F381 /* ViewController.swift */ = {isa = PBXFileReference; lastKnownFileType = sourcecode.swift; path = ViewController.swift; sourceTree = "<group>"; };
		FB8FBF6124977A6500E6F381 /* Base */ = {isa = PBXFileReference; lastKnownFileType = file.storyboard; name = Base; path = Base.lproj/Main.storyboard; sourceTree = "<group>"; };
		FB8FBF6324977A6700E6F381 /* Assets.xcassets */ = {isa = PBXFileReference; lastKnownFileType = folder.assetcatalog; path = Assets.xcassets; sourceTree = "<group>"; };
		FB8FBF6624977A6700E6F381 /* Base */ = {isa = PBXFileReference; lastKnownFileType = file.storyboard; name = Base; path = Base.lproj/LaunchScreen.storyboard; sourceTree = "<group>"; };
		FB8FBF6824977A6700E6F381 /* Info.plist */ = {isa = PBXFileReference; lastKnownFileType = text.plist.xml; path = Info.plist; sourceTree = "<group>"; };
/* End PBXFileReference section */

/* Begin PBXFrameworksBuildPhase section */
		FB8FBF5424977A6500E6F381 /* Frameworks */ = {
			isa = PBXFrameworksBuildPhase;
			buildActionMask = 2147483647;
			files = (
			);
			runOnlyForDeploymentPostprocessing = 0;
		};
/* End PBXFrameworksBuildPhase section */

/* Begin PBXGroup section */
		FB8FBF4E24977A6500E6F381 = {
			isa = PBXGroup;
			children = (
				FB8FBF5924977A6500E6F381 /* PageDesignTest */,
				FB8FBF5824977A6500E6F381 /* Products */,
			);
			sourceTree = "<group>";
		};
		FB8FBF5824977A6500E6F381 /* Products */ = {
			isa = PBXGroup;
			children = (
				FB8FBF5724977A6500E6F381 /* PageDesignTest.app */,
			);
			name = Products;
			sourceTree = "<group>";
		};
		FB8FBF5924977A6500E6F381 /* PageDesignTest */ = {
			isa = PBXGroup;
			children = (
				FB8FBF5A24977A6500E6F381 /* AppDelegate.swift */,
				FB8FBF5C24977A6500E6F381 /* SceneDelegate.swift */,
				FB8FBF5E24977A6500E6F381 /* ViewController.swift */,
				FB8FBF6024977A6500E6F381 /* Main.storyboard */,
				FB8FBF6324977A6700E6F381 /* Assets.xcassets */,
				FB8FBF6524977A6700E6F381 /* LaunchScreen.storyboard */,
				FB8FBF6824977A6700E6F381 /* Info.plist */,
			);
			path = PageDesignTest;
			sourceTree = "<group>";
		};
/* End PBXGroup section */

/* Begin PBXNativeTarget section */
		FB8FBF5624977A6500E6F381 /* PageDesignTest */ = {
			isa = PBXNativeTarget;
			buildConfigurationList = FB8FBF6B24977A6700E6F381 /* Build configuration list for PBXNativeTarget "PageDesignTest" */;
			buildPhases = (
				FB8FBF5324977A6500E6F381 /* Sources */,
				FB8FBF5424977A6500E6F381 /* Frameworks */,
				FB8FBF5524977A6500E6F381 /* Resources */,
			);
			buildRules = (
			);
			dependencies = (
			);
			name = PageDesignTest;
			productName = PageDesignTest;
			productReference = FB8FBF5724977A6500E6F381 /* PageDesignTest.app */;
			productType = "com.apple.product-type.application";
		};
/* End PBXNativeTarget section */

/* Begin PBXProject section */
		FB8FBF4F24977A6500E6F381 /* Project object */ = {
			isa = PBXProject;
			attributes = {
				LastSwiftUpdateCheck = 1150;
				LastUpgradeCheck = 1150;
				ORGANIZATIONNAME = "Vitalii Kizlov";
				TargetAttributes = {
					FB8FBF5624977A6500E6F381 = {
						CreatedOnToolsVersion = 11.5;
					};
				};
			};
			buildConfigurationList = FB8FBF5224977A6500E6F381 /* Build configuration list for PBXProject "PageDesignTest" */;
			compatibilityVersion = "Xcode 9.3";
			developmentRegion = en;
			hasScannedForEncodings = 0;
			knownRegions = (
				en,
				Base,
			);
			mainGroup = FB8FBF4E24977A6500E6F381;
			productRefGroup = FB8FBF5824977A6500E6F381 /* Products */;
			projectDirPath = "";
			projectRoot = "";
			targets = (
				FB8FBF5624977A6500E6F381 /* PageDesignTest */,
			);
		};
/* End PBXProject section */

/* Begin PBXResourcesBuildPhase section */
		FB8FBF5524977A6500E6F381 /* Resources */ = {
			isa = PBXResourcesBuildPhase;
			buildActionMask = 2147483647;
			files = (
				FB8FBF6724977A6700E6F381 /* LaunchScreen.storyboard in Resources */,
				FB8FBF6424977A6700E6F381 /* Assets.xcassets in Resources */,
				FB8FBF6224977A6500E6F381 /* Main.storyboard in Resources */,
			);
			runOnlyForDeploymentPostprocessing = 0;
		};
/* End PBXResourcesBuildPhase section */

/* Begin PBXSourcesBuildPhase section */
		FB8FBF5324977A6500E6F381 /* Sources */ = {
			isa = PBXSourcesBuildPhase;
			buildActionMask = 2147483647;
			files = (
				FB8FBF5F24977A6500E6F381 /* ViewController.swift in Sources */,
				FB8FBF5B24977A6500E6F381 /* AppDelegate.swift in Sources */,
				FB8FBF5D24977A6500E6F381 /* SceneDelegate.swift in Sources */,
			);
			runOnlyForDeploymentPostprocessing = 0;
		};
/* End PBXSourcesBuildPhase section */

/* Begin PBXVariantGroup section */
		FB8FBF6024977A6500E6F381 /* Main.storyboard */ = {
			isa = PBXVariantGroup;
			children = (
				FB8FBF6124977A6500E6F381 /* Base */,
			);
			name = Main.storyboard;
			sourceTree = "<group>";
		};
		FB8FBF6524977A6700E6F381 /* LaunchScreen.storyboard */ = {
			isa = PBXVariantGroup;
			children = (
				FB8FBF6624977A6700E6F381 /* Base */,
			);
			name = LaunchScreen.storyboard;
			sourceTree = "<group>";
		};
/* End PBXVariantGroup section */

/* Begin XCBuildConfiguration section */
		FB8FBF6924977A6700E6F381 /* Debug */ = {
			isa = XCBuildConfiguration;
			buildSettings = {
				ALWAYS_SEARCH_USER_PATHS = NO;
				CLANG_ANALYZER_NONNULL = YES;
				CLANG_ANALYZER_NUMBER_OBJECT_CONVERSION = YES_AGGRESSIVE;
				CLANG_CXX_LANGUAGE_STANDARD = "gnu++14";
				CLANG_CXX_LIBRARY = "libc++";
				CLANG_ENABLE_MODULES = YES;
				CLANG_ENABLE_OBJC_ARC = YES;
				CLANG_ENABLE_OBJC_WEAK = YES;
				CLANG_WARN_BLOCK_CAPTURE_AUTORELEASING = YES;
				CLANG_WARN_BOOL_CONVERSION = YES;
				CLANG_WARN_COMMA = YES;
				CLANG_WARN_CONSTANT_CONVERSION = YES;
				CLANG_WARN_DEPRECATED_OBJC_IMPLEMENTATIONS = YES;
				CLANG_WARN_DIRECT_OBJC_ISA_USAGE = YES_ERROR;
				CLANG_WARN_DOCUMENTATION_COMMENTS = YES;
				CLANG_WARN_EMPTY_BODY = YES;
				CLANG_WARN_ENUM_CONVERSION = YES;
				CLANG_WARN_INFINITE_RECURSION = YES;
				CLANG_WARN_INT_CONVERSION = YES;
				CLANG_WARN_NON_LITERAL_NULL_CONVERSION = YES;
				CLANG_WARN_OBJC_IMPLICIT_RETAIN_SELF = YES;
				CLANG_WARN_OBJC_LITERAL_CONVERSION = YES;
				CLANG_WARN_OBJC_ROOT_CLASS = YES_ERROR;
				CLANG_WARN_RANGE_LOOP_ANALYSIS = YES;
				CLANG_WARN_STRICT_PROTOTYPES = YES;
				CLANG_WARN_SUSPICIOUS_MOVE = YES;
				CLANG_WARN_UNGUARDED_AVAILABILITY = YES_AGGRESSIVE;
				CLANG_WARN_UNREACHABLE_CODE = YES;
				CLANG_WARN__DUPLICATE_METHOD_MATCH = YES;
				COPY_PHASE_STRIP = NO;
				DEBUG_INFORMATION_FORMAT = dwarf;
				ENABLE_STRICT_OBJC_MSGSEND = YES;
				ENABLE_TESTABILITY = YES;
				GCC_C_LANGUAGE_STANDARD = gnu11;
				GCC_DYNAMIC_NO_PIC = NO;
				GCC_NO_COMMON_BLOCKS = YES;
				GCC_OPTIMIZATION_LEVEL = 0;
				GCC_PREPROCESSOR_DEFINITIONS = (
					"DEBUG=1",
					"$(inherited)",
				);
				GCC_WARN_64_TO_32_BIT_CONVERSION = YES;
				GCC_WARN_ABOUT_RETURN_TYPE = YES_ERROR;
				GCC_WARN_UNDECLARED_SELECTOR = YES;
				GCC_WARN_UNINITIALIZED_AUTOS = YES_AGGRESSIVE;
				GCC_WARN_UNUSED_FUNCTION = YES;
				GCC_WARN_UNUSED_VARIABLE = YES;
				IPHONEOS_DEPLOYMENT_TARGET = 13.5;
				MTL_ENABLE_DEBUG_INFO = INCLUDE_SOURCE;
				MTL_FAST_MATH = YES;
				ONLY_ACTIVE_ARCH = YES;
				SDKROOT = iphoneos;
				SWIFT_ACTIVE_COMPILATION_CONDITIONS = DEBUG;
				SWIFT_OPTIMIZATION_LEVEL = "-Onone";
			};
			name = Debug;
		};
		FB8FBF6A24977A6700E6F381 /* Release */ = {
			isa = XCBuildConfiguration;
			buildSettings = {
				ALWAYS_SEARCH_USER_PATHS = NO;
				CLANG_ANALYZER_NONNULL = YES;
				CLANG_ANALYZER_NUMBER_OBJECT_CONVERSION = YES_AGGRESSIVE;
				CLANG_CXX_LANGUAGE_STANDARD = "gnu++14";
				CLANG_CXX_LIBRARY = "libc++";
				CLANG_ENABLE_MODULES = YES;
				CLANG_ENABLE_OBJC_ARC = YES;
				CLANG_ENABLE_OBJC_WEAK = YES;
				CLANG_WARN_BLOCK_CAPTURE_AUTORELEASING = YES;
				CLANG_WARN_BOOL_CONVERSION = YES;
				CLANG_WARN_COMMA = YES;
				CLANG_WARN_CONSTANT_CONVERSION = YES;
				CLANG_WARN_DEPRECATED_OBJC_IMPLEMENTATIONS = YES;
				CLANG_WARN_DIRECT_OBJC_ISA_USAGE = YES_ERROR;
				CLANG_WARN_DOCUMENTATION_COMMENTS = YES;
				CLANG_WARN_EMPTY_BODY = YES;
				CLANG_WARN_ENUM_CONVERSION = YES;
				CLANG_WARN_INFINITE_RECURSION = YES;
				CLANG_WARN_INT_CONVERSION = YES;
				CLANG_WARN_NON_LITERAL_NULL_CONVERSION = YES;
				CLANG_WARN_OBJC_IMPLICIT_RETAIN_SELF = YES;
				CLANG_WARN_OBJC_LITERAL_CONVERSION = YES;
				CLANG_WARN_OBJC_ROOT_CLASS = YES_ERROR;
				CLANG_WARN_RANGE_LOOP_ANALYSIS = YES;
				CLANG_WARN_STRICT_PROTOTYPES = YES;
				CLANG_WARN_SUSPICIOUS_MOVE = YES;
				CLANG_WARN_UNGUARDED_AVAILABILITY = YES_AGGRESSIVE;
				CLANG_WARN_UNREACHABLE_CODE = YES;
				CLANG_WARN__DUPLICATE_METHOD_MATCH = YES;
				COPY_PHASE_STRIP = NO;
				DEBUG_INFORMATION_FORMAT = "dwarf-with-dsym";
				ENABLE_NS_ASSERTIONS = NO;
				ENABLE_STRICT_OBJC_MSGSEND = YES;
				GCC_C_LANGUAGE_STANDARD = gnu11;
				GCC_NO_COMMON_BLOCKS = YES;
				GCC_WARN_64_TO_32_BIT_CONVERSION = YES;
				GCC_WARN_ABOUT_RETURN_TYPE = YES_ERROR;
				GCC_WARN_UNDECLARED_SELECTOR = YES;
				GCC_WARN_UNINITIALIZED_AUTOS = YES_AGGRESSIVE;
				GCC_WARN_UNUSED_FUNCTION = YES;
				GCC_WARN_UNUSED_VARIABLE = YES;
				IPHONEOS_DEPLOYMENT_TARGET = 13.5;
				MTL_ENABLE_DEBUG_INFO = NO;
				MTL_FAST_MATH = YES;
				SDKROOT = iphoneos;
				SWIFT_COMPILATION_MODE = wholemodule;
				SWIFT_OPTIMIZATION_LEVEL = "-O";
				VALIDATE_PRODUCT = YES;
			};
			name = Release;
		};
		FB8FBF6C24977A6700E6F381 /* Debug */ = {
			isa = XCBuildConfiguration;
			buildSettings = {
				ASSETCATALOG_COMPILER_APPICON_NAME = AppIcon;
				CODE_SIGN_STYLE = Automatic;
				DEVELOPMENT_TEAM = 3PJX8UJTF8;
				INFOPLIST_FILE = PageDesignTest/Info.plist;
				LD_RUNPATH_SEARCH_PATHS = (
					"$(inherited)",
					"@executable_path/Frameworks",
				);
				PRODUCT_BUNDLE_IDENTIFIER = com.kizlov.PageDesignTest;
				PRODUCT_NAME = "$(TARGET_NAME)";
				SWIFT_VERSION = 5.0;
				TARGETED_DEVICE_FAMILY = "1,2";
			};
			name = Debug;
		};
		FB8FBF6D24977A6700E6F381 /* Release */ = {
			isa = XCBuildConfiguration;
			buildSettings = {
				ASSETCATALOG_COMPILER_APPICON_NAME = AppIcon;
				CODE_SIGN_STYLE = Automatic;
				DEVELOPMENT_TEAM = 3PJX8UJTF8;
				INFOPLIST_FILE = PageDesignTest/Info.plist;
				LD_RUNPATH_SEARCH_PATHS = (
					"$(inherited)",
					"@executable_path/Frameworks",
				);
				PRODUCT_BUNDLE_IDENTIFIER = com.kizlov.PageDesignTest;
				PRODUCT_NAME = "$(TARGET_NAME)";
				SWIFT_VERSION = 5.0;
				TARGETED_DEVICE_FAMILY = "1,2";
			};
			name = Release;
		};
/* End XCBuildConfiguration section */

/* Begin XCConfigurationList section */
		FB8FBF5224977A6500E6F381 /* Build configuration list for PBXProject "PageDesignTest" */ = {
			isa = XCConfigurationList;
			buildConfigurations = (
				FB8FBF6924977A6700E6F381 /* Debug */,
				FB8FBF6A24977A6700E6F381 /* Release */,
			);
			defaultConfigurationIsVisible = 0;
			defaultConfigurationName = Release;
		};
		FB8FBF6B24977A6700E6F381 /* Build configuration list for PBXNativeTarget "PageDesignTest" */ = {
			isa = XCConfigurationList;
			buildConfigurations = (
				FB8FBF6C24977A6700E6F381 /* Debug */,
				FB8FBF6D24977A6700E6F381 /* Release */,
			);
			defaultConfigurationIsVisible = 0;
			defaultConfigurationName = Release;
		};
/* End XCConfigurationList section */
	};
	rootObject = FB8FBF4F24977A6500E6F381 /* Project object */;
}
